// !$*UTF8*$!
{
	archiveVersion = 1;
	classes = {
	};
	objectVersion = 55;
	objects = {

/* Begin PBXBuildFile section */
		FAC0D7D527FB33F60036D7D7 /* AppDelegate.swift in Sources */ = {isa = PBXBuildFile; fileRef = FAC0D7D427FB33F60036D7D7 /* AppDelegate.swift */; };
		FAC0D7D727FB33F60036D7D7 /* SceneDelegate.swift in Sources */ = {isa = PBXBuildFile; fileRef = FAC0D7D627FB33F60036D7D7 /* SceneDelegate.swift */; };
		FAC0D7DC27FB33F60036D7D7 /* Main.storyboard in Resources */ = {isa = PBXBuildFile; fileRef = FAC0D7DA27FB33F60036D7D7 /* Main.storyboard */; };
		FAC0D7DE27FB33F80036D7D7 /* Assets.xcassets in Resources */ = {isa = PBXBuildFile; fileRef = FAC0D7DD27FB33F80036D7D7 /* Assets.xcassets */; };
		FAC0D7E127FB33F80036D7D7 /* LaunchScreen.storyboard in Resources */ = {isa = PBXBuildFile; fileRef = FAC0D7DF27FB33F80036D7D7 /* LaunchScreen.storyboard */; };
		FAC0D7EB27FB34550036D7D7 /* VendorsListVC.swift in Sources */ = {isa = PBXBuildFile; fileRef = FAC0D7EA27FB34550036D7D7 /* VendorsListVC.swift */; };
		FAC0D7ED27FB34840036D7D7 /* VendorsVM.swift in Sources */ = {isa = PBXBuildFile; fileRef = FAC0D7EC27FB34840036D7D7 /* VendorsVM.swift */; };
		FAC0D7EF27FB34C20036D7D7 /* VendorTVCell.swift in Sources */ = {isa = PBXBuildFile; fileRef = FAC0D7EE27FB34C20036D7D7 /* VendorTVCell.swift */; };
		FAC0D7F227FB353F0036D7D7 /* VendorDetailsVC.swift in Sources */ = {isa = PBXBuildFile; fileRef = FAC0D7F127FB353F0036D7D7 /* VendorDetailsVC.swift */; };
		FAC0D7F627FB35700036D7D7 /* DataService.swift in Sources */ = {isa = PBXBuildFile; fileRef = FAC0D7F527FB35700036D7D7 /* DataService.swift */; };
		FAC0D7F827FB357F0036D7D7 /* Session.swift in Sources */ = {isa = PBXBuildFile; fileRef = FAC0D7F727FB357F0036D7D7 /* Session.swift */; };
		FAC0D7FB27FB35AD0036D7D7 /* VendorData.swift in Sources */ = {isa = PBXBuildFile; fileRef = FAC0D7FA27FB35AD0036D7D7 /* VendorData.swift */; };
		FAC0D7FE27FB35F30036D7D7 /* UIImageView+Additions.swift in Sources */ = {isa = PBXBuildFile; fileRef = FAC0D7FD27FB35F30036D7D7 /* UIImageView+Additions.swift */; };
		FAC0D80027FB36020036D7D7 /* Collection+Additions.swift in Sources */ = {isa = PBXBuildFile; fileRef = FAC0D7FF27FB36020036D7D7 /* Collection+Additions.swift */; };
		FAC0D80227FB36880036D7D7 /* AppConstants.swift in Sources */ = {isa = PBXBuildFile; fileRef = FAC0D80127FB36880036D7D7 /* AppConstants.swift */; };
		FAC0D80727FB3E870036D7D7 /* Bindable.swift in Sources */ = {isa = PBXBuildFile; fileRef = FAC0D80627FB3E870036D7D7 /* Bindable.swift */; };
/* End PBXBuildFile section */

/* Begin PBXFileReference section */
		FAC0D7D127FB33F60036D7D7 /* AlliantsTest.app */ = {isa = PBXFileReference; explicitFileType = wrapper.application; includeInIndex = 0; path = AlliantsTest.app; sourceTree = BUILT_PRODUCTS_DIR; };
		FAC0D7D427FB33F60036D7D7 /* AppDelegate.swift */ = {isa = PBXFileReference; lastKnownFileType = sourcecode.swift; path = AppDelegate.swift; sourceTree = "<group>"; };
		FAC0D7D627FB33F60036D7D7 /* SceneDelegate.swift */ = {isa = PBXFileReference; lastKnownFileType = sourcecode.swift; path = SceneDelegate.swift; sourceTree = "<group>"; };
		FAC0D7DB27FB33F60036D7D7 /* Base */ = {isa = PBXFileReference; lastKnownFileType = file.storyboard; name = Base; path = Base.lproj/Main.storyboard; sourceTree = "<group>"; };
		FAC0D7DD27FB33F80036D7D7 /* Assets.xcassets */ = {isa = PBXFileReference; lastKnownFileType = folder.assetcatalog; path = Assets.xcassets; sourceTree = "<group>"; };
		FAC0D7E027FB33F80036D7D7 /* Base */ = {isa = PBXFileReference; lastKnownFileType = file.storyboard; name = Base; path = Base.lproj/LaunchScreen.storyboard; sourceTree = "<group>"; };
		FAC0D7E227FB33F80036D7D7 /* Info.plist */ = {isa = PBXFileReference; lastKnownFileType = text.plist.xml; path = Info.plist; sourceTree = "<group>"; };
		FAC0D7EA27FB34550036D7D7 /* VendorsListVC.swift */ = {isa = PBXFileReference; lastKnownFileType = sourcecode.swift; path = VendorsListVC.swift; sourceTree = "<group>"; };
		FAC0D7EC27FB34840036D7D7 /* VendorsVM.swift */ = {isa = PBXFileReference; lastKnownFileType = sourcecode.swift; path = VendorsVM.swift; sourceTree = "<group>"; };
		FAC0D7EE27FB34C20036D7D7 /* VendorTVCell.swift */ = {isa = PBXFileReference; lastKnownFileType = sourcecode.swift; path = VendorTVCell.swift; sourceTree = "<group>"; };
		FAC0D7F127FB353F0036D7D7 /* VendorDetailsVC.swift */ = {isa = PBXFileReference; lastKnownFileType = sourcecode.swift; path = VendorDetailsVC.swift; sourceTree = "<group>"; };
		FAC0D7F527FB35700036D7D7 /* DataService.swift */ = {isa = PBXFileReference; lastKnownFileType = sourcecode.swift; path = DataService.swift; sourceTree = "<group>"; };
		FAC0D7F727FB357F0036D7D7 /* Session.swift */ = {isa = PBXFileReference; lastKnownFileType = sourcecode.swift; path = Session.swift; sourceTree = "<group>"; };
		FAC0D7FA27FB35AD0036D7D7 /* VendorData.swift */ = {isa = PBXFileReference; lastKnownFileType = sourcecode.swift; path = VendorData.swift; sourceTree = "<group>"; };
		FAC0D7FD27FB35F30036D7D7 /* UIImageView+Additions.swift */ = {isa = PBXFileReference; lastKnownFileType = sourcecode.swift; path = "UIImageView+Additions.swift"; sourceTree = "<group>"; };
		FAC0D7FF27FB36020036D7D7 /* Collection+Additions.swift */ = {isa = PBXFileReference; lastKnownFileType = sourcecode.swift; path = "Collection+Additions.swift"; sourceTree = "<group>"; };
		FAC0D80127FB36880036D7D7 /* AppConstants.swift */ = {isa = PBXFileReference; lastKnownFileType = sourcecode.swift; path = AppConstants.swift; sourceTree = "<group>"; };
		FAC0D80627FB3E870036D7D7 /* Bindable.swift */ = {isa = PBXFileReference; lastKnownFileType = sourcecode.swift; path = Bindable.swift; sourceTree = "<group>"; };
/* End PBXFileReference section */

/* Begin PBXFrameworksBuildPhase section */
		FAC0D7CE27FB33F60036D7D7 /* Frameworks */ = {
			isa = PBXFrameworksBuildPhase;
			buildActionMask = 2147483647;
			files = (
			);
			runOnlyForDeploymentPostprocessing = 0;
		};
/* End PBXFrameworksBuildPhase section */

/* Begin PBXGroup section */
		FAC0D7C827FB33F60036D7D7 = {
			isa = PBXGroup;
			children = (
				FAC0D7D327FB33F60036D7D7 /* AlliantsTest */,
				FAC0D7D227FB33F60036D7D7 /* Products */,
			);
			sourceTree = "<group>";
		};
		FAC0D7D227FB33F60036D7D7 /* Products */ = {
			isa = PBXGroup;
			children = (
				FAC0D7D127FB33F60036D7D7 /* AlliantsTest.app */,
			);
			name = Products;
			sourceTree = "<group>";
		};
		FAC0D7D327FB33F60036D7D7 /* AlliantsTest */ = {
			isa = PBXGroup;
			children = (
				FAC0D7D427FB33F60036D7D7 /* AppDelegate.swift */,
				FAC0D7D627FB33F60036D7D7 /* SceneDelegate.swift */,
				FAC0D7F327FB35530036D7D7 /* Scenes */,
				FAC0D7F427FB35620036D7D7 /* Services */,
				FAC0D7F927FB35900036D7D7 /* Models */,
				FAC0D7FC27FB35DF0036D7D7 /* Extensions */,
				FAC0D80327FB396A0036D7D7 /* Storyboards */,
				FAC0D80627FB3E870036D7D7 /* Bindable.swift */,
				FAC0D80127FB36880036D7D7 /* AppConstants.swift */,
				FAC0D7DD27FB33F80036D7D7 /* Assets.xcassets */,
				FAC0D7DF27FB33F80036D7D7 /* LaunchScreen.storyboard */,
				FAC0D7E227FB33F80036D7D7 /* Info.plist */,
			);
			path = AlliantsTest;
			sourceTree = "<group>";
		};
		FAC0D7E927FB34220036D7D7 /* VendorsList */ = {
			isa = PBXGroup;
			children = (
				FAC0D7EA27FB34550036D7D7 /* VendorsListVC.swift */,
				FAC0D7EC27FB34840036D7D7 /* VendorsVM.swift */,
				FAC0D7EE27FB34C20036D7D7 /* VendorTVCell.swift */,
			);
			path = VendorsList;
			sourceTree = "<group>";
		};
		FAC0D7F027FB34E90036D7D7 /* VendorsDetails */ = {
			isa = PBXGroup;
			children = (
				FAC0D7F127FB353F0036D7D7 /* VendorDetailsVC.swift */,
			);
			path = VendorsDetails;
			sourceTree = "<group>";
		};
		FAC0D7F327FB35530036D7D7 /* Scenes */ = {
			isa = PBXGroup;
			children = (
				FAC0D7E927FB34220036D7D7 /* VendorsList */,
				FAC0D7F027FB34E90036D7D7 /* VendorsDetails */,
			);
			path = Scenes;
			sourceTree = "<group>";
		};
		FAC0D7F427FB35620036D7D7 /* Services */ = {
			isa = PBXGroup;
			children = (
				FAC0D7F527FB35700036D7D7 /* DataService.swift */,
				FAC0D7F727FB357F0036D7D7 /* Session.swift */,
			);
			path = Services;
			sourceTree = "<group>";
		};
		FAC0D7F927FB35900036D7D7 /* Models */ = {
			isa = PBXGroup;
			children = (
				FAC0D7FA27FB35AD0036D7D7 /* VendorData.swift */,
			);
			path = Models;
			sourceTree = "<group>";
		};
		FAC0D7FC27FB35DF0036D7D7 /* Extensions */ = {
			isa = PBXGroup;
			children = (
				FAC0D7FD27FB35F30036D7D7 /* UIImageView+Additions.swift */,
				FAC0D7FF27FB36020036D7D7 /* Collection+Additions.swift */,
			);
			path = Extensions;
			sourceTree = "<group>";
		};
		FAC0D80327FB396A0036D7D7 /* Storyboards */ = {
			isa = PBXGroup;
			children = (
				FAC0D7DA27FB33F60036D7D7 /* Main.storyboard */,
			);
			path = Storyboards;
			sourceTree = "<group>";
		};
/* End PBXGroup section */

/* Begin PBXNativeTarget section */
		FAC0D7D027FB33F60036D7D7 /* AlliantsTest */ = {
			isa = PBXNativeTarget;
			buildConfigurationList = FAC0D7E527FB33F80036D7D7 /* Build configuration list for PBXNativeTarget "AlliantsTest" */;
			buildPhases = (
				FAC0D7CD27FB33F60036D7D7 /* Sources */,
				FAC0D7CE27FB33F60036D7D7 /* Frameworks */,
				FAC0D7CF27FB33F60036D7D7 /* Resources */,
			);
			buildRules = (
			);
			dependencies = (
			);
			name = AlliantsTest;
			productName = AlliantsTest;
			productReference = FAC0D7D127FB33F60036D7D7 /* AlliantsTest.app */;
			productType = "com.apple.product-type.application";
		};
/* End PBXNativeTarget section */

/* Begin PBXProject section */
		FAC0D7C927FB33F60036D7D7 /* Project object */ = {
			isa = PBXProject;
			attributes = {
				BuildIndependentTargetsInParallel = 1;
				LastSwiftUpdateCheck = 1330;
				LastUpgradeCheck = 1330;
				TargetAttributes = {
					FAC0D7D027FB33F60036D7D7 = {
						CreatedOnToolsVersion = 13.3;
					};
				};
			};
			buildConfigurationList = FAC0D7CC27FB33F60036D7D7 /* Build configuration list for PBXProject "AlliantsTest" */;
			compatibilityVersion = "Xcode 13.0";
			developmentRegion = en;
			hasScannedForEncodings = 0;
			knownRegions = (
				en,
				Base,
			);
			mainGroup = FAC0D7C827FB33F60036D7D7;
			productRefGroup = FAC0D7D227FB33F60036D7D7 /* Products */;
			projectDirPath = "";
			projectRoot = "";
			targets = (
				FAC0D7D027FB33F60036D7D7 /* AlliantsTest */,
			);
		};
/* End PBXProject section */

/* Begin PBXResourcesBuildPhase section */
		FAC0D7CF27FB33F60036D7D7 /* Resources */ = {
			isa = PBXResourcesBuildPhase;
			buildActionMask = 2147483647;
			files = (
				FAC0D7E127FB33F80036D7D7 /* LaunchScreen.storyboard in Resources */,
				FAC0D7DE27FB33F80036D7D7 /* Assets.xcassets in Resources */,
				FAC0D7DC27FB33F60036D7D7 /* Main.storyboard in Resources */,
			);
			runOnlyForDeploymentPostprocessing = 0;
		};
/* End PBXResourcesBuildPhase section */

/* Begin PBXSourcesBuildPhase section */
		FAC0D7CD27FB33F60036D7D7 /* Sources */ = {
			isa = PBXSourcesBuildPhase;
			buildActionMask = 2147483647;
			files = (
				FAC0D80727FB3E870036D7D7 /* Bindable.swift in Sources */,
				FAC0D80027FB36020036D7D7 /* Collection+Additions.swift in Sources */,
				FAC0D7D527FB33F60036D7D7 /* AppDelegate.swift in Sources */,
				FAC0D7F627FB35700036D7D7 /* DataService.swift in Sources */,
				FAC0D7EB27FB34550036D7D7 /* VendorsListVC.swift in Sources */,
				FAC0D7ED27FB34840036D7D7 /* VendorsVM.swift in Sources */,
				FAC0D7F827FB357F0036D7D7 /* Session.swift in Sources */,
				FAC0D7F227FB353F0036D7D7 /* VendorDetailsVC.swift in Sources */,
				FAC0D80227FB36880036D7D7 /* AppConstants.swift in Sources */,
				FAC0D7FB27FB35AD0036D7D7 /* VendorData.swift in Sources */,
				FAC0D7EF27FB34C20036D7D7 /* VendorTVCell.swift in Sources */,
				FAC0D7FE27FB35F30036D7D7 /* UIImageView+Additions.swift in Sources */,
				FAC0D7D727FB33F60036D7D7 /* SceneDelegate.swift in Sources */,
			);
			runOnlyForDeploymentPostprocessing = 0;
		};
/* End PBXSourcesBuildPhase section */

/* Begin PBXVariantGroup section */
		FAC0D7DA27FB33F60036D7D7 /* Main.storyboard */ = {
			isa = PBXVariantGroup;
			children = (
				FAC0D7DB27FB33F60036D7D7 /* Base */,
			);
			name = Main.storyboard;
			sourceTree = "<group>";
		};
		FAC0D7DF27FB33F80036D7D7 /* LaunchScreen.storyboard */ = {
			isa = PBXVariantGroup;
			children = (
				FAC0D7E027FB33F80036D7D7 /* Base */,
			);
			name = LaunchScreen.storyboard;
			sourceTree = "<group>";
		};
/* End PBXVariantGroup section */

/* Begin XCBuildConfiguration section */
		FAC0D7E327FB33F80036D7D7 /* Debug */ = {
			isa = XCBuildConfiguration;
			buildSettings = {
				ALWAYS_SEARCH_USER_PATHS = NO;
				CLANG_ANALYZER_NONNULL = YES;
				CLANG_ANALYZER_NUMBER_OBJECT_CONVERSION = YES_AGGRESSIVE;
				CLANG_CXX_LANGUAGE_STANDARD = "gnu++17";
				CLANG_ENABLE_MODULES = YES;
				CLANG_ENABLE_OBJC_ARC = YES;
				CLANG_ENABLE_OBJC_WEAK = YES;
				CLANG_WARN_BLOCK_CAPTURE_AUTORELEASING = YES;
				CLANG_WARN_BOOL_CONVERSION = YES;
				CLANG_WARN_COMMA = YES;
				CLANG_WARN_CONSTANT_CONVERSION = YES;
				CLANG_WARN_DEPRECATED_OBJC_IMPLEMENTATIONS = YES;
				CLANG_WARN_DIRECT_OBJC_ISA_USAGE = YES_ERROR;
				CLANG_WARN_DOCUMENTATION_COMMENTS = YES;
				CLANG_WARN_EMPTY_BODY = YES;
				CLANG_WARN_ENUM_CONVERSION = YES;
				CLANG_WARN_INFINITE_RECURSION = YES;
				CLANG_WARN_INT_CONVERSION = YES;
				CLANG_WARN_NON_LITERAL_NULL_CONVERSION = YES;
				CLANG_WARN_OBJC_IMPLICIT_RETAIN_SELF = YES;
				CLANG_WARN_OBJC_LITERAL_CONVERSION = YES;
				CLANG_WARN_OBJC_ROOT_CLASS = YES_ERROR;
				CLANG_WARN_QUOTED_INCLUDE_IN_FRAMEWORK_HEADER = YES;
				CLANG_WARN_RANGE_LOOP_ANALYSIS = YES;
				CLANG_WARN_STRICT_PROTOTYPES = YES;
				CLANG_WARN_SUSPICIOUS_MOVE = YES;
				CLANG_WARN_UNGUARDED_AVAILABILITY = YES_AGGRESSIVE;
				CLANG_WARN_UNREACHABLE_CODE = YES;
				CLANG_WARN__DUPLICATE_METHOD_MATCH = YES;
				COPY_PHASE_STRIP = NO;
				DEBUG_INFORMATION_FORMAT = dwarf;
				ENABLE_STRICT_OBJC_MSGSEND = YES;
				ENABLE_TESTABILITY = YES;
				GCC_C_LANGUAGE_STANDARD = gnu11;
				GCC_DYNAMIC_NO_PIC = NO;
				GCC_NO_COMMON_BLOCKS = YES;
				GCC_OPTIMIZATION_LEVEL = 0;
				GCC_PREPROCESSOR_DEFINITIONS = (
					"DEBUG=1",
					"$(inherited)",
				);
				GCC_WARN_64_TO_32_BIT_CONVERSION = YES;
				GCC_WARN_ABOUT_RETURN_TYPE = YES_ERROR;
				GCC_WARN_UNDECLARED_SELECTOR = YES;
				GCC_WARN_UNINITIALIZED_AUTOS = YES_AGGRESSIVE;
				GCC_WARN_UNUSED_FUNCTION = YES;
				GCC_WARN_UNUSED_VARIABLE = YES;
				IPHONEOS_DEPLOYMENT_TARGET = 15.4;
				MTL_ENABLE_DEBUG_INFO = INCLUDE_SOURCE;
				MTL_FAST_MATH = YES;
				ONLY_ACTIVE_ARCH = YES;
				SDKROOT = iphoneos;
				SWIFT_ACTIVE_COMPILATION_CONDITIONS = DEBUG;
				SWIFT_OPTIMIZATION_LEVEL = "-Onone";
			};
			name = Debug;
		};
		FAC0D7E427FB33F80036D7D7 /* Release */ = {
			isa = XCBuildConfiguration;
			buildSettings = {
				ALWAYS_SEARCH_USER_PATHS = NO;
				CLANG_ANALYZER_NONNULL = YES;
				CLANG_ANALYZER_NUMBER_OBJECT_CONVERSION = YES_AGGRESSIVE;
				CLANG_CXX_LANGUAGE_STANDARD = "gnu++17";
				CLANG_ENABLE_MODULES = YES;
				CLANG_ENABLE_OBJC_ARC = YES;
				CLANG_ENABLE_OBJC_WEAK = YES;
				CLANG_WARN_BLOCK_CAPTURE_AUTORELEASING = YES;
				CLANG_WARN_BOOL_CONVERSION = YES;
				CLANG_WARN_COMMA = YES;
				CLANG_WARN_CONSTANT_CONVERSION = YES;
				CLANG_WARN_DEPRECATED_OBJC_IMPLEMENTATIONS = YES;
				CLANG_WARN_DIRECT_OBJC_ISA_USAGE = YES_ERROR;
				CLANG_WARN_DOCUMENTATION_COMMENTS = YES;
				CLANG_WARN_EMPTY_BODY = YES;
				CLANG_WARN_ENUM_CONVERSION = YES;
				CLANG_WARN_INFINITE_RECURSION = YES;
				CLANG_WARN_INT_CONVERSION = YES;
				CLANG_WARN_NON_LITERAL_NULL_CONVERSION = YES;
				CLANG_WARN_OBJC_IMPLICIT_RETAIN_SELF = YES;
				CLANG_WARN_OBJC_LITERAL_CONVERSION = YES;
				CLANG_WARN_OBJC_ROOT_CLASS = YES_ERROR;
				CLANG_WARN_QUOTED_INCLUDE_IN_FRAMEWORK_HEADER = YES;
				CLANG_WARN_RANGE_LOOP_ANALYSIS = YES;
				CLANG_WARN_STRICT_PROTOTYPES = YES;
				CLANG_WARN_SUSPICIOUS_MOVE = YES;
				CLANG_WARN_UNGUARDED_AVAILABILITY = YES_AGGRESSIVE;
				CLANG_WARN_UNREACHABLE_CODE = YES;
				CLANG_WARN__DUPLICATE_METHOD_MATCH = YES;
				COPY_PHASE_STRIP = NO;
				DEBUG_INFORMATION_FORMAT = "dwarf-with-dsym";
				ENABLE_NS_ASSERTIONS = NO;
				ENABLE_STRICT_OBJC_MSGSEND = YES;
				GCC_C_LANGUAGE_STANDARD = gnu11;
				GCC_NO_COMMON_BLOCKS = YES;
				GCC_WARN_64_TO_32_BIT_CONVERSION = YES;
				GCC_WARN_ABOUT_RETURN_TYPE = YES_ERROR;
				GCC_WARN_UNDECLARED_SELECTOR = YES;
				GCC_WARN_UNINITIALIZED_AUTOS = YES_AGGRESSIVE;
				GCC_WARN_UNUSED_FUNCTION = YES;
				GCC_WARN_UNUSED_VARIABLE = YES;
				IPHONEOS_DEPLOYMENT_TARGET = 15.4;
				MTL_ENABLE_DEBUG_INFO = NO;
				MTL_FAST_MATH = YES;
				SDKROOT = iphoneos;
				SWIFT_COMPILATION_MODE = wholemodule;
				SWIFT_OPTIMIZATION_LEVEL = "-O";
				VALIDATE_PRODUCT = YES;
			};
			name = Release;
		};
		FAC0D7E627FB33F80036D7D7 /* Debug */ = {
			isa = XCBuildConfiguration;
			buildSettings = {
				ASSETCATALOG_COMPILER_APPICON_NAME = AppIcon;
				ASSETCATALOG_COMPILER_GLOBAL_ACCENT_COLOR_NAME = AccentColor;
				CODE_SIGN_STYLE = Automatic;
				CURRENT_PROJECT_VERSION = 1;
				DEVELOPMENT_TEAM = Q363W6CQQF;
				GENERATE_INFOPLIST_FILE = YES;
				INFOPLIST_FILE = AlliantsTest/Info.plist;
				INFOPLIST_KEY_UIApplicationSupportsIndirectInputEvents = YES;
				INFOPLIST_KEY_UILaunchStoryboardName = LaunchScreen;
				INFOPLIST_KEY_UIMainStoryboardFile = Main;
				INFOPLIST_KEY_UISupportedInterfaceOrientations_iPad = "UIInterfaceOrientationPortrait UIInterfaceOrientationPortraitUpsideDown UIInterfaceOrientationLandscapeLeft UIInterfaceOrientationLandscapeRight";
				INFOPLIST_KEY_UISupportedInterfaceOrientations_iPhone = "UIInterfaceOrientationPortrait UIInterfaceOrientationLandscapeLeft UIInterfaceOrientationLandscapeRight";
				IPHONEOS_DEPLOYMENT_TARGET = 13.0;
				LD_RUNPATH_SEARCH_PATHS = (
					"$(inherited)",
					"@executable_path/Frameworks",
				);
				MARKETING_VERSION = 1.0;
				PRODUCT_BUNDLE_IDENTIFIER = com.alexkudlak.AlliantsTest.AlliantsTest;
				PRODUCT_NAME = "$(TARGET_NAME)";
				SWIFT_EMIT_LOC_STRINGS = YES;
				SWIFT_VERSION = 5.0;
				TARGETED_DEVICE_FAMILY = "1,2";
			};
			name = Debug;
		};
		FAC0D7E727FB33F80036D7D7 /* Release */ = {
			isa = XCBuildConfiguration;
			buildSettings = {
				ASSETCATALOG_COMPILER_APPICON_NAME = AppIcon;
				ASSETCATALOG_COMPILER_GLOBAL_ACCENT_COLOR_NAME = AccentColor;
				CODE_SIGN_STYLE = Automatic;
				CURRENT_PROJECT_VERSION = 1;
				DEVELOPMENT_TEAM = Q363W6CQQF;
				GENERATE_INFOPLIST_FILE = YES;
				INFOPLIST_FILE = AlliantsTest/Info.plist;
				INFOPLIST_KEY_UIApplicationSupportsIndirectInputEvents = YES;
				INFOPLIST_KEY_UILaunchStoryboardName = LaunchScreen;
				INFOPLIST_KEY_UIMainStoryboardFile = Main;
				INFOPLIST_KEY_UISupportedInterfaceOrientations_iPad = "UIInterfaceOrientationPortrait UIInterfaceOrientationPortraitUpsideDown UIInterfaceOrientationLandscapeLeft UIInterfaceOrientationLandscapeRight";
				INFOPLIST_KEY_UISupportedInterfaceOrientations_iPhone = "UIInterfaceOrientationPortrait UIInterfaceOrientationLandscapeLeft UIInterfaceOrientationLandscapeRight";
				IPHONEOS_DEPLOYMENT_TARGET = 13.0;
				LD_RUNPATH_SEARCH_PATHS = (
					"$(inherited)",
					"@executable_path/Frameworks",
				);
				MARKETING_VERSION = 1.0;
				PRODUCT_BUNDLE_IDENTIFIER = com.alexkudlak.AlliantsTest.AlliantsTest;
				PRODUCT_NAME = "$(TARGET_NAME)";
				SWIFT_EMIT_LOC_STRINGS = YES;
				SWIFT_VERSION = 5.0;
				TARGETED_DEVICE_FAMILY = "1,2";
			};
			name = Release;
		};
/* End XCBuildConfiguration section */

/* Begin XCConfigurationList section */
		FAC0D7CC27FB33F60036D7D7 /* Build configuration list for PBXProject "AlliantsTest" */ = {
			isa = XCConfigurationList;
			buildConfigurations = (
				FAC0D7E327FB33F80036D7D7 /* Debug */,
				FAC0D7E427FB33F80036D7D7 /* Release */,
			);
			defaultConfigurationIsVisible = 0;
			defaultConfigurationName = Release;
		};
		FAC0D7E527FB33F80036D7D7 /* Build configuration list for PBXNativeTarget "AlliantsTest" */ = {
			isa = XCConfigurationList;
			buildConfigurations = (
				FAC0D7E627FB33F80036D7D7 /* Debug */,
				FAC0D7E727FB33F80036D7D7 /* Release */,
			);
			defaultConfigurationIsVisible = 0;
			defaultConfigurationName = Release;
		};
/* End XCConfigurationList section */
	};
	rootObject = FAC0D7C927FB33F60036D7D7 /* Project object */;
}
